
Microsoft Visual Studio Solution File, Format Version 12.00
# Visual Studio Version 16
VisualStudioVersion = 16.0.29306.81
MinimumVisualStudioVersion = 10.0.40219.1
Project("{FAE04EC0-301F-11D3-BF4B-00C04F79EFBC}") = "Group4ExternalTool", "Group4ExternalTool\Group4ExternalTool.csproj", "{D1AEE2C4-4036-4E6F-9893-FCBC1055298D}"
EndProject
Global
	GlobalSection(SolutionConfigurationPlatforms) = preSolution
		Debug|Any CPU = Debug|Any CPU
		Release|Any CPU = Release|Any CPU
	EndGlobalSection
	GlobalSection(ProjectConfigurationPlatforms) = postSolution
		{D1AEE2C4-4036-4E6F-9893-FCBC1055298D}.Debug|Any CPU.ActiveCfg = Debug|Any CPU
		{D1AEE2C4-4036-4E6F-9893-FCBC1055298D}.Debug|Any CPU.Build.0 = Debug|Any CPU
		{D1AEE2C4-4036-4E6F-9893-FCBC1055298D}.Release|Any CPU.ActiveCfg = Release|Any CPU
		{D1AEE2C4-4036-4E6F-9893-FCBC1055298D}.Release|Any CPU.Build.0 = Release|Any CPU
	EndGlobalSection
	GlobalSection(SolutionProperties) = preSolution
		HideSolutionNode = FALSE
	EndGlobalSection
	GlobalSection(ExtensibilityGlobals) = postSolution
		SolutionGuid = {D98151BE-CB96-4CF8-BA72-5CF4E1399F4E}
	EndGlobalSection
EndGlobal
